
Microsoft Visual Studio Solution File, Format Version 12.00
# Visual Studio Version 17
VisualStudioVersion = 17.9.34728.123
MinimumVisualStudioVersion = 10.0.40219.1
Project("{778DAE3C-4631-46EA-AA77-85C1314464D9}") = "CordialSuite", "CordialSuite.vbproj", "{0A5E99AE-420A-4B64-B61E-8641A18DDF23}"
EndProject
Project("{2150E333-8FDC-42A3-9474-1A3956D46DE8}") = "Solution Items", "Solution Items", "{2A181F10-2057-4F4E-8664-B52A393F6018}"
	ProjectSection(SolutionItems) = preProject
		checkin.vb = checkin.vb
	EndProjectSection
EndProject
Global
	GlobalSection(SolutionConfigurationPlatforms) = preSolution
		Debug|Any CPU = Debug|Any CPU
		Release|Any CPU = Release|Any CPU
	EndGlobalSection
	GlobalSection(ProjectConfigurationPlatforms) = postSolution
		{0A5E99AE-420A-4B64-B61E-8641A18DDF23}.Debug|Any CPU.ActiveCfg = Debug|Any CPU
		{0A5E99AE-420A-4B64-B61E-8641A18DDF23}.Debug|Any CPU.Build.0 = Debug|Any CPU
		{0A5E99AE-420A-4B64-B61E-8641A18DDF23}.Release|Any CPU.ActiveCfg = Release|Any CPU
		{0A5E99AE-420A-4B64-B61E-8641A18DDF23}.Release|Any CPU.Build.0 = Release|Any CPU
	EndGlobalSection
	GlobalSection(SolutionProperties) = preSolution
		HideSolutionNode = FALSE
	EndGlobalSection
	GlobalSection(ExtensibilityGlobals) = postSolution
		SolutionGuid = {494E6994-C4B2-4C61-8FB9-A5854025482B}
	EndGlobalSection
EndGlobal
